
Microsoft Visual Studio Solution File, Format Version 12.00
# Visual Studio 15
VisualStudioVersion = 15.0.26430.16
MinimumVisualStudioVersion = 10.0.40219.1
Project("{FAE04EC0-301F-11D3-BF4B-00C04F79EFBC}") = "ProjectX", "ProjectX\ProjectX.csproj", "{42927483-9355-40C2-814E-282ACC23766A}"
EndProject
Project("{2150E333-8FDC-42A3-9474-1A3956D46DE8}") = "01-Data", "01-Data", "{1EAEED67-C123-4132-880F-1FF33294A880}"
EndProject
Project("{FAE04EC0-301F-11D3-BF4B-00C04F79EFBC}") = "PX.Domain", "PX.Domain\PX.Domain.csproj", "{9D355CAB-30A4-4732-90B7-9BD3AC58EF32}"
EndProject
Project("{FAE04EC0-301F-11D3-BF4B-00C04F79EFBC}") = "PX.Map", "PX.Map\PX.Map.csproj", "{5C56D53B-CB8C-469B-96FB-9928DE668712}"
EndProject
Project("{2150E333-8FDC-42A3-9474-1A3956D46DE8}") = "02-Core", "02-Core", "{2B1756C6-4F6C-4BCB-BF78-DD72EC61C54A}"
EndProject
Project("{FAE04EC0-301F-11D3-BF4B-00C04F79EFBC}") = "PX.Repository", "PX.Repository\PX.Repository.csproj", "{23433033-733F-46D3-8C81-DC58ECB63519}"
EndProject
Project("{FAE04EC0-301F-11D3-BF4B-00C04F79EFBC}") = "PX.IRepository", "PX.IRepository\PX.IRepository.csproj", "{7E7C4F69-0040-4C98-BF0E-1720C822A169}"
EndProject
Project("{2150E333-8FDC-42A3-9474-1A3956D46DE8}") = "03-Service", "03-Service", "{5C11C0CC-D586-469E-8BBC-7021C5D7B1FE}"
EndProject
Project("{FAE04EC0-301F-11D3-BF4B-00C04F79EFBC}") = "PX.Service", "PX.Service\PX.Service.csproj", "{342A3F7D-CAAD-4223-BD04-650D25D44149}"
EndProject
Project("{FAE04EC0-301F-11D3-BF4B-00C04F79EFBC}") = "PX.IService", "PX.IService\PX.IService.csproj", "{8D2B574C-D7B7-42A9-A2F7-DB6947BEA3D5}"
EndProject
Project("{2150E333-8FDC-42A3-9474-1A3956D46DE8}") = "04-Tool", "04-Tool", "{25D12C36-7CCC-4E30-9652-321A7D08EFA2}"
EndProject
Project("{FAE04EC0-301F-11D3-BF4B-00C04F79EFBC}") = "PX.Utility", "PX.Utility\PX.Utility.csproj", "{DAB76F6A-CD55-4E36-BC81-5E279BCC69BD}"
EndProject
Global
	GlobalSection(SolutionConfigurationPlatforms) = preSolution
		Debug|Any CPU = Debug|Any CPU
		Release|Any CPU = Release|Any CPU
	EndGlobalSection
	GlobalSection(ProjectConfigurationPlatforms) = postSolution
		{42927483-9355-40C2-814E-282ACC23766A}.Debug|Any CPU.ActiveCfg = Debug|Any CPU
		{42927483-9355-40C2-814E-282ACC23766A}.Debug|Any CPU.Build.0 = Debug|Any CPU
		{42927483-9355-40C2-814E-282ACC23766A}.Release|Any CPU.ActiveCfg = Release|Any CPU
		{42927483-9355-40C2-814E-282ACC23766A}.Release|Any CPU.Build.0 = Release|Any CPU
		{9D355CAB-30A4-4732-90B7-9BD3AC58EF32}.Debug|Any CPU.ActiveCfg = Debug|Any CPU
		{9D355CAB-30A4-4732-90B7-9BD3AC58EF32}.Debug|Any CPU.Build.0 = Debug|Any CPU
		{9D355CAB-30A4-4732-90B7-9BD3AC58EF32}.Release|Any CPU.ActiveCfg = Release|Any CPU
		{9D355CAB-30A4-4732-90B7-9BD3AC58EF32}.Release|Any CPU.Build.0 = Release|Any CPU
		{5C56D53B-CB8C-469B-96FB-9928DE668712}.Debug|Any CPU.ActiveCfg = Debug|Any CPU
		{5C56D53B-CB8C-469B-96FB-9928DE668712}.Debug|Any CPU.Build.0 = Debug|Any CPU
		{5C56D53B-CB8C-469B-96FB-9928DE668712}.Release|Any CPU.ActiveCfg = Release|Any CPU
		{5C56D53B-CB8C-469B-96FB-9928DE668712}.Release|Any CPU.Build.0 = Release|Any CPU
		{23433033-733F-46D3-8C81-DC58ECB63519}.Debug|Any CPU.ActiveCfg = Debug|Any CPU
		{23433033-733F-46D3-8C81-DC58ECB63519}.Debug|Any CPU.Build.0 = Debug|Any CPU
		{23433033-733F-46D3-8C81-DC58ECB63519}.Release|Any CPU.ActiveCfg = Release|Any CPU
		{23433033-733F-46D3-8C81-DC58ECB63519}.Release|Any CPU.Build.0 = Release|Any CPU
		{7E7C4F69-0040-4C98-BF0E-1720C822A169}.Debug|Any CPU.ActiveCfg = Debug|Any CPU
		{7E7C4F69-0040-4C98-BF0E-1720C822A169}.Debug|Any CPU.Build.0 = Debug|Any CPU
		{7E7C4F69-0040-4C98-BF0E-1720C822A169}.Release|Any CPU.ActiveCfg = Release|Any CPU
		{7E7C4F69-0040-4C98-BF0E-1720C822A169}.Release|Any CPU.Build.0 = Release|Any CPU
		{342A3F7D-CAAD-4223-BD04-650D25D44149}.Debug|Any CPU.ActiveCfg = Debug|Any CPU
		{342A3F7D-CAAD-4223-BD04-650D25D44149}.Debug|Any CPU.Build.0 = Debug|Any CPU
		{342A3F7D-CAAD-4223-BD04-650D25D44149}.Release|Any CPU.ActiveCfg = Release|Any CPU
		{342A3F7D-CAAD-4223-BD04-650D25D44149}.Release|Any CPU.Build.0 = Release|Any CPU
		{8D2B574C-D7B7-42A9-A2F7-DB6947BEA3D5}.Debug|Any CPU.ActiveCfg = Debug|Any CPU
		{8D2B574C-D7B7-42A9-A2F7-DB6947BEA3D5}.Debug|Any CPU.Build.0 = Debug|Any CPU
		{8D2B574C-D7B7-42A9-A2F7-DB6947BEA3D5}.Release|Any CPU.ActiveCfg = Release|Any CPU
		{8D2B574C-D7B7-42A9-A2F7-DB6947BEA3D5}.Release|Any CPU.Build.0 = Release|Any CPU
		{DAB76F6A-CD55-4E36-BC81-5E279BCC69BD}.Debug|Any CPU.ActiveCfg = Debug|Any CPU
		{DAB76F6A-CD55-4E36-BC81-5E279BCC69BD}.Debug|Any CPU.Build.0 = Debug|Any CPU
		{DAB76F6A-CD55-4E36-BC81-5E279BCC69BD}.Release|Any CPU.ActiveCfg = Release|Any CPU
		{DAB76F6A-CD55-4E36-BC81-5E279BCC69BD}.Release|Any CPU.Build.0 = Release|Any CPU
	EndGlobalSection
	GlobalSection(SolutionProperties) = preSolution
		HideSolutionNode = FALSE
	EndGlobalSection
	GlobalSection(NestedProjects) = preSolution
		{9D355CAB-30A4-4732-90B7-9BD3AC58EF32} = {1EAEED67-C123-4132-880F-1FF33294A880}
		{5C56D53B-CB8C-469B-96FB-9928DE668712} = {1EAEED67-C123-4132-880F-1FF33294A880}
		{23433033-733F-46D3-8C81-DC58ECB63519} = {2B1756C6-4F6C-4BCB-BF78-DD72EC61C54A}
		{7E7C4F69-0040-4C98-BF0E-1720C822A169} = {2B1756C6-4F6C-4BCB-BF78-DD72EC61C54A}
		{342A3F7D-CAAD-4223-BD04-650D25D44149} = {5C11C0CC-D586-469E-8BBC-7021C5D7B1FE}
		{8D2B574C-D7B7-42A9-A2F7-DB6947BEA3D5} = {5C11C0CC-D586-469E-8BBC-7021C5D7B1FE}
		{DAB76F6A-CD55-4E36-BC81-5E279BCC69BD} = {25D12C36-7CCC-4E30-9652-321A7D08EFA2}
	EndGlobalSection
EndGlobal
